
Microsoft Visual Studio Solution File, Format Version 12.00
# Visual Studio Version 16
VisualStudioVersion = 16.0.30503.244
MinimumVisualStudioVersion = 10.0.40219.1
Project("{8BC9CEB8-8B4A-11D0-8D11-00A0C91BC942}") = "imaGL", "imaGL\imaGL.vcxproj", "{2F9AEA94-E52F-4D83-8B99-764536C11D39}"
EndProject
Project("{8BC9CEB8-8B4A-11D0-8D11-00A0C91BC942}") = "test", "test\test.vcxproj", "{6B59DB48-1B10-46C9-BC2C-7CB346DFCD42}"
	ProjectSection(ProjectDependencies) = postProject
		{2F9AEA94-E52F-4D83-8B99-764536C11D39} = {2F9AEA94-E52F-4D83-8B99-764536C11D39}
	EndProjectSection
EndProject
Global
	GlobalSection(SolutionConfigurationPlatforms) = preSolution
		Debug|x64 = Debug|x64
		Debug|x86 = Debug|x86
		Release|x64 = Release|x64
		Release|x86 = Release|x86
	EndGlobalSection
	GlobalSection(ProjectConfigurationPlatforms) = postSolution
		{2F9AEA94-E52F-4D83-8B99-764536C11D39}.Debug|x64.ActiveCfg = Debug|x64
		{2F9AEA94-E52F-4D83-8B99-764536C11D39}.Debug|x64.Build.0 = Debug|x64
		{2F9AEA94-E52F-4D83-8B99-764536C11D39}.Debug|x86.ActiveCfg = Debug|Win32
		{2F9AEA94-E52F-4D83-8B99-764536C11D39}.Debug|x86.Build.0 = Debug|Win32
		{2F9AEA94-E52F-4D83-8B99-764536C11D39}.Release|x64.ActiveCfg = Release|x64
		{2F9AEA94-E52F-4D83-8B99-764536C11D39}.Release|x64.Build.0 = Release|x64
		{2F9AEA94-E52F-4D83-8B99-764536C11D39}.Release|x86.ActiveCfg = Release|Win32
		{2F9AEA94-E52F-4D83-8B99-764536C11D39}.Release|x86.Build.0 = Release|Win32
		{6B59DB48-1B10-46C9-BC2C-7CB346DFCD42}.Debug|x64.ActiveCfg = Debug|x64
		{6B59DB48-1B10-46C9-BC2C-7CB346DFCD42}.Debug|x64.Build.0 = Debug|x64
		{6B59DB48-1B10-46C9-BC2C-7CB346DFCD42}.Debug|x86.ActiveCfg = Debug|Win32
		{6B59DB48-1B10-46C9-BC2C-7CB346DFCD42}.Debug|x86.Build.0 = Debug|Win32
		{6B59DB48-1B10-46C9-BC2C-7CB346DFCD42}.Release|x64.ActiveCfg = Release|x64
		{6B59DB48-1B10-46C9-BC2C-7CB346DFCD42}.Release|x64.Build.0 = Release|x64
		{6B59DB48-1B10-46C9-BC2C-7CB346DFCD42}.Release|x86.ActiveCfg = Release|Win32
		{6B59DB48-1B10-46C9-BC2C-7CB346DFCD42}.Release|x86.Build.0 = Release|Win32
	EndGlobalSection
	GlobalSection(SolutionProperties) = preSolution
		HideSolutionNode = FALSE
	EndGlobalSection
	GlobalSection(ExtensibilityGlobals) = postSolution
		SolutionGuid = {69CFE27B-CB95-47A7-BF90-AD7AF22CD426}
	EndGlobalSection
EndGlobal
